
Microsoft Visual Studio Solution File, Format Version 12.00
# Visual Studio Version 17
VisualStudioVersion = 17.8.34511.84
MinimumVisualStudioVersion = 10.0.40219.1
Project("{FAE04EC0-301F-11D3-BF4B-00C04F79EFBC}") = "SuperMarketInventorySystem", "SuperMarketInventorySystem\SuperMarketInventorySystem.csproj", "{603353F4-C29C-4FEE-82FF-B3FD7C016067}"
EndProject
Global
	GlobalSection(SolutionConfigurationPlatforms) = preSolution
		Debug|Any CPU = Debug|Any CPU
		Release|Any CPU = Release|Any CPU
	EndGlobalSection
	GlobalSection(ProjectConfigurationPlatforms) = postSolution
		{603353F4-C29C-4FEE-82FF-B3FD7C016067}.Debug|Any CPU.ActiveCfg = Debug|Any CPU
		{603353F4-C29C-4FEE-82FF-B3FD7C016067}.Debug|Any CPU.Build.0 = Debug|Any CPU
		{603353F4-C29C-4FEE-82FF-B3FD7C016067}.Release|Any CPU.ActiveCfg = Release|Any CPU
		{603353F4-C29C-4FEE-82FF-B3FD7C016067}.Release|Any CPU.Build.0 = Release|Any CPU
	EndGlobalSection
	GlobalSection(SolutionProperties) = preSolution
		HideSolutionNode = FALSE
	EndGlobalSection
	GlobalSection(ExtensibilityGlobals) = postSolution
		SolutionGuid = {5F12CFB0-8453-4EBC-9949-170C1F8DDDED}
	EndGlobalSection
EndGlobal
